# THIS IS AN AUTOGENERATED FILE. DO NOT EDIT THIS FILE DIRECTLY.
# yarn lockfile v1


punycode@^2.1.0:
  version "2.3.0"
  resolved "https://registry.yarnpkg.com/punycode/-/punycode-2.3.0.tgz#f67fa67c94da8f4d0cfff981aee4118064199b8f"
  integrity sha512-rRV+zQD8tVFys26lAGR9WUuS4iUAngJScM+ZRSKtvl5tKeZ2t5bvdNFdNHBW9FWR4guGHlgmsZ1G7BSm2wTbuA==

uri-js@^4.4.1:
  version "4.4.1"
  resolved "https://registry.yarnpkg.com/uri-js/-/uri-js-4.4.1.tgz#9b1a52595225859e55f669d928f88c6c57f2a77e"
  integrity sha512-7rKUyy33Q1yc98pQ1DAmLtwX109F7TIfWlW1Ydo8Wl1ii1SeHieeh0HHfPeL2fMXK6z0s8ecKs9frCuLJvndBg==
  dependencies:
    punycode "^2.1.0"
